
Microsoft Visual Studio Solution File, Format Version 12.00
# Visual Studio Version 17
VisualStudioVersion = 17.1.32210.238
MinimumVisualStudioVersion = 10.0.40219.1
Project("{FAE04EC0-301F-11D3-BF4B-00C04F79EFBC}") = "CalculatorLib", "CalculatorLib.csproj", "{61035776-B219-42AD-ACA1-B1F661A9E7F6}"
EndProject
Project("{FAE04EC0-301F-11D3-BF4B-00C04F79EFBC}") = "CalculatorLibUnitTests", "..\CalculatorLibUnitTests\CalculatorLibUnitTests.csproj", "{C9360B3F-103D-4574-A626-574E887DBE5F}"
EndProject
Global
	GlobalSection(SolutionConfigurationPlatforms) = preSolution
		Debug|Any CPU = Debug|Any CPU
		Release|Any CPU = Release|Any CPU
	EndGlobalSection
	GlobalSection(ProjectConfigurationPlatforms) = postSolution
		{61035776-B219-42AD-ACA1-B1F661A9E7F6}.Debug|Any CPU.ActiveCfg = Debug|Any CPU
		{61035776-B219-42AD-ACA1-B1F661A9E7F6}.Debug|Any CPU.Build.0 = Debug|Any CPU
		{61035776-B219-42AD-ACA1-B1F661A9E7F6}.Release|Any CPU.ActiveCfg = Release|Any CPU
		{61035776-B219-42AD-ACA1-B1F661A9E7F6}.Release|Any CPU.Build.0 = Release|Any CPU
		{C9360B3F-103D-4574-A626-574E887DBE5F}.Debug|Any CPU.ActiveCfg = Debug|Any CPU
		{C9360B3F-103D-4574-A626-574E887DBE5F}.Debug|Any CPU.Build.0 = Debug|Any CPU
		{C9360B3F-103D-4574-A626-574E887DBE5F}.Release|Any CPU.ActiveCfg = Release|Any CPU
		{C9360B3F-103D-4574-A626-574E887DBE5F}.Release|Any CPU.Build.0 = Release|Any CPU
	EndGlobalSection
	GlobalSection(SolutionProperties) = preSolution
		HideSolutionNode = FALSE
	EndGlobalSection
	GlobalSection(ExtensibilityGlobals) = postSolution
		SolutionGuid = {0EBADD07-51F9-49E2-AB74-E49A2DB16C5E}
	EndGlobalSection
EndGlobal
