
Microsoft Visual Studio Solution File, Format Version 12.00
# Visual Studio Version 17
VisualStudioVersion = 17.1.32210.238
MinimumVisualStudioVersion = 10.0.40219.1
Project("{FAE04EC0-301F-11D3-BF4B-00C04F79EFBC}") = "WritingFunctions", "WritingFunctions.csproj", "{4E3FE6A9-277D-4F64-A7B4-CF8F913EF36A}"
EndProject
Global
	GlobalSection(SolutionConfigurationPlatforms) = preSolution
		Debug|Any CPU = Debug|Any CPU
		Release|Any CPU = Release|Any CPU
	EndGlobalSection
	GlobalSection(ProjectConfigurationPlatforms) = postSolution
		{4E3FE6A9-277D-4F64-A7B4-CF8F913EF36A}.Debug|Any CPU.ActiveCfg = Debug|Any CPU
		{4E3FE6A9-277D-4F64-A7B4-CF8F913EF36A}.Debug|Any CPU.Build.0 = Debug|Any CPU
		{4E3FE6A9-277D-4F64-A7B4-CF8F913EF36A}.Release|Any CPU.ActiveCfg = Release|Any CPU
		{4E3FE6A9-277D-4F64-A7B4-CF8F913EF36A}.Release|Any CPU.Build.0 = Release|Any CPU
	EndGlobalSection
	GlobalSection(SolutionProperties) = preSolution
		HideSolutionNode = FALSE
	EndGlobalSection
	GlobalSection(ExtensibilityGlobals) = postSolution
		SolutionGuid = {35C1940B-6153-4EB6-A15F-92873BBE8E72}
	EndGlobalSection
EndGlobal
