
Microsoft Visual Studio Solution File, Format Version 12.00
# Visual Studio Version 17
VisualStudioVersion = 17.1.32328.378
MinimumVisualStudioVersion = 10.0.40219.1
Project("{FAE04EC0-301F-11D3-BF4B-00C04F79EFBC}") = "PacktLibrary", "PacktLibrary.csproj", "{DEDCC7D7-F09B-47AE-8147-D0502A739354}"
EndProject
Project("{FAE04EC0-301F-11D3-BF4B-00C04F79EFBC}") = "PeopleApp", "..\PeopleApp\PeopleApp.csproj", "{F9D058DF-883B-4BF0-8B5C-A3760D93C041}"
EndProject
Global
	GlobalSection(SolutionConfigurationPlatforms) = preSolution
		Debug|Any CPU = Debug|Any CPU
		Release|Any CPU = Release|Any CPU
	EndGlobalSection
	GlobalSection(ProjectConfigurationPlatforms) = postSolution
		{DEDCC7D7-F09B-47AE-8147-D0502A739354}.Debug|Any CPU.ActiveCfg = Debug|Any CPU
		{DEDCC7D7-F09B-47AE-8147-D0502A739354}.Debug|Any CPU.Build.0 = Debug|Any CPU
		{DEDCC7D7-F09B-47AE-8147-D0502A739354}.Release|Any CPU.ActiveCfg = Release|Any CPU
		{DEDCC7D7-F09B-47AE-8147-D0502A739354}.Release|Any CPU.Build.0 = Release|Any CPU
		{F9D058DF-883B-4BF0-8B5C-A3760D93C041}.Debug|Any CPU.ActiveCfg = Debug|Any CPU
		{F9D058DF-883B-4BF0-8B5C-A3760D93C041}.Debug|Any CPU.Build.0 = Debug|Any CPU
		{F9D058DF-883B-4BF0-8B5C-A3760D93C041}.Release|Any CPU.ActiveCfg = Release|Any CPU
		{F9D058DF-883B-4BF0-8B5C-A3760D93C041}.Release|Any CPU.Build.0 = Release|Any CPU
	EndGlobalSection
	GlobalSection(SolutionProperties) = preSolution
		HideSolutionNode = FALSE
	EndGlobalSection
	GlobalSection(ExtensibilityGlobals) = postSolution
		SolutionGuid = {2BD4A0E4-7E3F-4F5A-8765-E41B9D8DBC2A}
	EndGlobalSection
EndGlobal
