
Microsoft Visual Studio Solution File, Format Version 12.00
# Visual Studio Version 17
VisualStudioVersion = 17.1.32210.238
MinimumVisualStudioVersion = 10.0.40219.1
Project("{FAE04EC0-301F-11D3-BF4B-00C04F79EFBC}") = "CastingConverting", "CastingConverting.csproj", "{C2B08CF7-A075-4B29-84E7-D0E0C5B57346}"
EndProject
Global
	GlobalSection(SolutionConfigurationPlatforms) = preSolution
		Debug|Any CPU = Debug|Any CPU
		Release|Any CPU = Release|Any CPU
	EndGlobalSection
	GlobalSection(ProjectConfigurationPlatforms) = postSolution
		{C2B08CF7-A075-4B29-84E7-D0E0C5B57346}.Debug|Any CPU.ActiveCfg = Debug|Any CPU
		{C2B08CF7-A075-4B29-84E7-D0E0C5B57346}.Debug|Any CPU.Build.0 = Debug|Any CPU
		{C2B08CF7-A075-4B29-84E7-D0E0C5B57346}.Release|Any CPU.ActiveCfg = Release|Any CPU
		{C2B08CF7-A075-4B29-84E7-D0E0C5B57346}.Release|Any CPU.Build.0 = Release|Any CPU
	EndGlobalSection
	GlobalSection(SolutionProperties) = preSolution
		HideSolutionNode = FALSE
	EndGlobalSection
	GlobalSection(ExtensibilityGlobals) = postSolution
		SolutionGuid = {2D7B4008-287C-4AD9-9A25-20BB7AFC3552}
	EndGlobalSection
EndGlobal
