
Microsoft Visual Studio Solution File, Format Version 12.00
# Visual Studio Version 17
VisualStudioVersion = 17.1.32210.238
MinimumVisualStudioVersion = 10.0.40219.1
Project("{FAE04EC0-301F-11D3-BF4B-00C04F79EFBC}") = "Exercise02", "Exercise02.csproj", "{396D2B6F-11F4-4EE9-9690-00B40E83664E}"
EndProject
Global
	GlobalSection(SolutionConfigurationPlatforms) = preSolution
		Debug|Any CPU = Debug|Any CPU
		Release|Any CPU = Release|Any CPU
	EndGlobalSection
	GlobalSection(ProjectConfigurationPlatforms) = postSolution
		{396D2B6F-11F4-4EE9-9690-00B40E83664E}.Debug|Any CPU.ActiveCfg = Debug|Any CPU
		{396D2B6F-11F4-4EE9-9690-00B40E83664E}.Debug|Any CPU.Build.0 = Debug|Any CPU
		{396D2B6F-11F4-4EE9-9690-00B40E83664E}.Release|Any CPU.ActiveCfg = Release|Any CPU
		{396D2B6F-11F4-4EE9-9690-00B40E83664E}.Release|Any CPU.Build.0 = Release|Any CPU
	EndGlobalSection
	GlobalSection(SolutionProperties) = preSolution
		HideSolutionNode = FALSE
	EndGlobalSection
	GlobalSection(ExtensibilityGlobals) = postSolution
		SolutionGuid = {44337995-FA54-4CF7-871B-A8D09443E52F}
	EndGlobalSection
EndGlobal
